
Microsoft Visual Studio Solution File, Format Version 12.00
# Visual Studio Version 17
VisualStudioVersion = 17.5.002.0
MinimumVisualStudioVersion = 10.0.40219.1
Project("{9A19103F-16F7-4668-BE54-9A1E7A4F7556}") = "WebApi", "WebApi.csproj", "{F57D044F-199D-497D-BB4D-DA442B8780CE}"
EndProject
Global
	GlobalSection(SolutionConfigurationPlatforms) = preSolution
		Debug|Any CPU = Debug|Any CPU
		Release|Any CPU = Release|Any CPU
	EndGlobalSection
	GlobalSection(ProjectConfigurationPlatforms) = postSolution
		{F57D044F-199D-497D-BB4D-DA442B8780CE}.Debug|Any CPU.ActiveCfg = Debug|Any CPU
		{F57D044F-199D-497D-BB4D-DA442B8780CE}.Debug|Any CPU.Build.0 = Debug|Any CPU
		{F57D044F-199D-497D-BB4D-DA442B8780CE}.Release|Any CPU.ActiveCfg = Release|Any CPU
		{F57D044F-199D-497D-BB4D-DA442B8780CE}.Release|Any CPU.Build.0 = Release|Any CPU
	EndGlobalSection
	GlobalSection(SolutionProperties) = preSolution
		HideSolutionNode = FALSE
	EndGlobalSection
	GlobalSection(ExtensibilityGlobals) = postSolution
		SolutionGuid = {E6C4C116-D07C-4063-B4E4-2B89CCB4FB11}
	EndGlobalSection
EndGlobal
